
Microsoft Visual Studio Solution File, Format Version 12.00
# Visual Studio Version 16
VisualStudioVersion = 16.0.810.5
MinimumVisualStudioVersion = 10.0.40219.1
Project("{FAE04EC0-301F-11D3-BF4B-00C04F79EFBC}") = "LinkedList", "LinkedList.csproj", "{C62A8D5A-EE29-496F-9047-DF3E71EE263E}"
EndProject
Global
	GlobalSection(SolutionConfigurationPlatforms) = preSolution
		Debug|Any CPU = Debug|Any CPU
		Release|Any CPU = Release|Any CPU
	EndGlobalSection
	GlobalSection(ProjectConfigurationPlatforms) = postSolution
		{C62A8D5A-EE29-496F-9047-DF3E71EE263E}.Debug|Any CPU.ActiveCfg = Debug|Any CPU
		{C62A8D5A-EE29-496F-9047-DF3E71EE263E}.Debug|Any CPU.Build.0 = Debug|Any CPU
		{C62A8D5A-EE29-496F-9047-DF3E71EE263E}.Release|Any CPU.ActiveCfg = Release|Any CPU
		{C62A8D5A-EE29-496F-9047-DF3E71EE263E}.Release|Any CPU.Build.0 = Release|Any CPU
	EndGlobalSection
	GlobalSection(SolutionProperties) = preSolution
		HideSolutionNode = FALSE
	EndGlobalSection
	GlobalSection(ExtensibilityGlobals) = postSolution
		SolutionGuid = {BD849AD7-BCE1-4CD7-A9CC-F42682188F5C}
	EndGlobalSection
EndGlobal
